// !$*UTF8*$!
{
	archiveVersion = 1;
	classes = {
	};
	objectVersion = 56;
	objects = {

/* Begin PBXBuildFile section */
		0949E5F2295518CF00AEA94D /* AppDelegate.swift in Sources */ = {isa = PBXBuildFile; fileRef = 0949E5F1295518CF00AEA94D /* AppDelegate.swift */; };
		0949E5F4295518CF00AEA94D /* SceneDelegate.swift in Sources */ = {isa = PBXBuildFile; fileRef = 0949E5F3295518CF00AEA94D /* SceneDelegate.swift */; };
		0949E5F6295518CF00AEA94D /* BankViewController.swift in Sources */ = {isa = PBXBuildFile; fileRef = 0949E5F5295518CF00AEA94D /* BankViewController.swift */; };
		0949E5F9295518CF00AEA94D /* Main.storyboard in Resources */ = {isa = PBXBuildFile; fileRef = 0949E5F7295518CF00AEA94D /* Main.storyboard */; };
		0949E5FB295518D100AEA94D /* Assets.xcassets in Resources */ = {isa = PBXBuildFile; fileRef = 0949E5FA295518D100AEA94D /* Assets.xcassets */; };
		0949E5FE295518D100AEA94D /* LaunchScreen.storyboard in Resources */ = {isa = PBXBuildFile; fileRef = 0949E5FC295518D100AEA94D /* LaunchScreen.storyboard */; };
		0949E609295518D200AEA94D /* BankAccountAppTests.swift in Sources */ = {isa = PBXBuildFile; fileRef = 0949E608295518D200AEA94D /* BankAccountAppTests.swift */; };
		0949E613295518D200AEA94D /* BankAccountAppUITests.swift in Sources */ = {isa = PBXBuildFile; fileRef = 0949E612295518D200AEA94D /* BankAccountAppUITests.swift */; };
		0949E615295518D200AEA94D /* BankAccountAppUITestsLaunchTests.swift in Sources */ = {isa = PBXBuildFile; fileRef = 0949E614295518D200AEA94D /* BankAccountAppUITestsLaunchTests.swift */; };
/* End PBXBuildFile section */

/* Begin PBXContainerItemProxy section */
		0949E605295518D200AEA94D /* PBXContainerItemProxy */ = {
			isa = PBXContainerItemProxy;
			containerPortal = 0949E5E6295518CF00AEA94D /* Project object */;
			proxyType = 1;
			remoteGlobalIDString = 0949E5ED295518CF00AEA94D;
			remoteInfo = BankAccountApp;
		};
		0949E60F295518D200AEA94D /* PBXContainerItemProxy */ = {
			isa = PBXContainerItemProxy;
			containerPortal = 0949E5E6295518CF00AEA94D /* Project object */;
			proxyType = 1;
			remoteGlobalIDString = 0949E5ED295518CF00AEA94D;
			remoteInfo = BankAccountApp;
		};
/* End PBXContainerItemProxy section */

/* Begin PBXFileReference section */
		0949E5EE295518CF00AEA94D /* BankAccountApp.app */ = {isa = PBXFileReference; explicitFileType = wrapper.application; includeInIndex = 0; path = BankAccountApp.app; sourceTree = BUILT_PRODUCTS_DIR; };
		0949E5F1295518CF00AEA94D /* AppDelegate.swift */ = {isa = PBXFileReference; lastKnownFileType = sourcecode.swift; path = AppDelegate.swift; sourceTree = "<group>"; };
		0949E5F3295518CF00AEA94D /* SceneDelegate.swift */ = {isa = PBXFileReference; lastKnownFileType = sourcecode.swift; path = SceneDelegate.swift; sourceTree = "<group>"; };
		0949E5F5295518CF00AEA94D /* BankViewController.swift */ = {isa = PBXFileReference; lastKnownFileType = sourcecode.swift; path = BankViewController.swift; sourceTree = "<group>"; };
		0949E5F8295518CF00AEA94D /* Base */ = {isa = PBXFileReference; lastKnownFileType = file.storyboard; name = Base; path = Base.lproj/Main.storyboard; sourceTree = "<group>"; };
		0949E5FA295518D100AEA94D /* Assets.xcassets */ = {isa = PBXFileReference; lastKnownFileType = folder.assetcatalog; path = Assets.xcassets; sourceTree = "<group>"; };
		0949E5FD295518D100AEA94D /* Base */ = {isa = PBXFileReference; lastKnownFileType = file.storyboard; name = Base; path = Base.lproj/LaunchScreen.storyboard; sourceTree = "<group>"; };
		0949E5FF295518D100AEA94D /* Info.plist */ = {isa = PBXFileReference; lastKnownFileType = text.plist.xml; path = Info.plist; sourceTree = "<group>"; };
		0949E604295518D200AEA94D /* BankAccountAppTests.xctest */ = {isa = PBXFileReference; explicitFileType = wrapper.cfbundle; includeInIndex = 0; path = BankAccountAppTests.xctest; sourceTree = BUILT_PRODUCTS_DIR; };
		0949E608295518D200AEA94D /* BankAccountAppTests.swift */ = {isa = PBXFileReference; lastKnownFileType = sourcecode.swift; path = BankAccountAppTests.swift; sourceTree = "<group>"; };
		0949E60E295518D200AEA94D /* BankAccountAppUITests.xctest */ = {isa = PBXFileReference; explicitFileType = wrapper.cfbundle; includeInIndex = 0; path = BankAccountAppUITests.xctest; sourceTree = BUILT_PRODUCTS_DIR; };
		0949E612295518D200AEA94D /* BankAccountAppUITests.swift */ = {isa = PBXFileReference; lastKnownFileType = sourcecode.swift; path = BankAccountAppUITests.swift; sourceTree = "<group>"; };
		0949E614295518D200AEA94D /* BankAccountAppUITestsLaunchTests.swift */ = {isa = PBXFileReference; lastKnownFileType = sourcecode.swift; path = BankAccountAppUITestsLaunchTests.swift; sourceTree = "<group>"; };
/* End PBXFileReference section */

/* Begin PBXFrameworksBuildPhase section */
		0949E5EB295518CF00AEA94D /* Frameworks */ = {
			isa = PBXFrameworksBuildPhase;
			buildActionMask = 2147483647;
			files = (
			);
			runOnlyForDeploymentPostprocessing = 0;
		};
		0949E601295518D200AEA94D /* Frameworks */ = {
			isa = PBXFrameworksBuildPhase;
			buildActionMask = 2147483647;
			files = (
			);
			runOnlyForDeploymentPostprocessing = 0;
		};
		0949E60B295518D200AEA94D /* Frameworks */ = {
			isa = PBXFrameworksBuildPhase;
			buildActionMask = 2147483647;
			files = (
			);
			runOnlyForDeploymentPostprocessing = 0;
		};
/* End PBXFrameworksBuildPhase section */

/* Begin PBXGroup section */
		0949E5E5295518CF00AEA94D = {
			isa = PBXGroup;
			children = (
				0949E5F0295518CF00AEA94D /* BankAccountApp */,
				0949E607295518D200AEA94D /* BankAccountAppTests */,
				0949E611295518D200AEA94D /* BankAccountAppUITests */,
				0949E5EF295518CF00AEA94D /* Products */,
			);
			sourceTree = "<group>";
		};
		0949E5EF295518CF00AEA94D /* Products */ = {
			isa = PBXGroup;
			children = (
				0949E5EE295518CF00AEA94D /* BankAccountApp.app */,
				0949E604295518D200AEA94D /* BankAccountAppTests.xctest */,
				0949E60E295518D200AEA94D /* BankAccountAppUITests.xctest */,
			);
			name = Products;
			sourceTree = "<group>";
		};
		0949E5F0295518CF00AEA94D /* BankAccountApp */ = {
			isa = PBXGroup;
			children = (
				0949E5F1295518CF00AEA94D /* AppDelegate.swift */,
				0949E5F3295518CF00AEA94D /* SceneDelegate.swift */,
				0949E5F5295518CF00AEA94D /* BankViewController.swift */,
				0949E5F7295518CF00AEA94D /* Main.storyboard */,
				0949E5FA295518D100AEA94D /* Assets.xcassets */,
				0949E5FC295518D100AEA94D /* LaunchScreen.storyboard */,
				0949E5FF295518D100AEA94D /* Info.plist */,
			);
			path = BankAccountApp;
			sourceTree = "<group>";
		};
		0949E607295518D200AEA94D /* BankAccountAppTests */ = {
			isa = PBXGroup;
			children = (
				0949E608295518D200AEA94D /* BankAccountAppTests.swift */,
			);
			path = BankAccountAppTests;
			sourceTree = "<group>";
		};
		0949E611295518D200AEA94D /* BankAccountAppUITests */ = {
			isa = PBXGroup;
			children = (
				0949E612295518D200AEA94D /* BankAccountAppUITests.swift */,
				0949E614295518D200AEA94D /* BankAccountAppUITestsLaunchTests.swift */,
			);
			path = BankAccountAppUITests;
			sourceTree = "<group>";
		};
/* End PBXGroup section */

/* Begin PBXNativeTarget section */
		0949E5ED295518CF00AEA94D /* BankAccountApp */ = {
			isa = PBXNativeTarget;
			buildConfigurationList = 0949E618295518D200AEA94D /* Build configuration list for PBXNativeTarget "BankAccountApp" */;
			buildPhases = (
				0949E5EA295518CF00AEA94D /* Sources */,
				0949E5EB295518CF00AEA94D /* Frameworks */,
				0949E5EC295518CF00AEA94D /* Resources */,
			);
			buildRules = (
			);
			dependencies = (
			);
			name = BankAccountApp;
			productName = BankAccountApp;
			productReference = 0949E5EE295518CF00AEA94D /* BankAccountApp.app */;
			productType = "com.apple.product-type.application";
		};
		0949E603295518D200AEA94D /* BankAccountAppTests */ = {
			isa = PBXNativeTarget;
			buildConfigurationList = 0949E61B295518D200AEA94D /* Build configuration list for PBXNativeTarget "BankAccountAppTests" */;
			buildPhases = (
				0949E600295518D200AEA94D /* Sources */,
				0949E601295518D200AEA94D /* Frameworks */,
				0949E602295518D200AEA94D /* Resources */,
			);
			buildRules = (
			);
			dependencies = (
				0949E606295518D200AEA94D /* PBXTargetDependency */,
			);
			name = BankAccountAppTests;
			productName = BankAccountAppTests;
			productReference = 0949E604295518D200AEA94D /* BankAccountAppTests.xctest */;
			productType = "com.apple.product-type.bundle.unit-test";
		};
		0949E60D295518D200AEA94D /* BankAccountAppUITests */ = {
			isa = PBXNativeTarget;
			buildConfigurationList = 0949E61E295518D200AEA94D /* Build configuration list for PBXNativeTarget "BankAccountAppUITests" */;
			buildPhases = (
				0949E60A295518D200AEA94D /* Sources */,
				0949E60B295518D200AEA94D /* Frameworks */,
				0949E60C295518D200AEA94D /* Resources */,
			);
			buildRules = (
			);
			dependencies = (
				0949E610295518D200AEA94D /* PBXTargetDependency */,
			);
			name = BankAccountAppUITests;
			productName = BankAccountAppUITests;
			productReference = 0949E60E295518D200AEA94D /* BankAccountAppUITests.xctest */;
			productType = "com.apple.product-type.bundle.ui-testing";
		};
/* End PBXNativeTarget section */

/* Begin PBXProject section */
		0949E5E6295518CF00AEA94D /* Project object */ = {
			isa = PBXProject;
			attributes = {
				BuildIndependentTargetsInParallel = 1;
				LastSwiftUpdateCheck = 1420;
				LastUpgradeCheck = 1420;
				TargetAttributes = {
					0949E5ED295518CF00AEA94D = {
						CreatedOnToolsVersion = 14.2;
					};
					0949E603295518D200AEA94D = {
						CreatedOnToolsVersion = 14.2;
						TestTargetID = 0949E5ED295518CF00AEA94D;
					};
					0949E60D295518D200AEA94D = {
						CreatedOnToolsVersion = 14.2;
						TestTargetID = 0949E5ED295518CF00AEA94D;
					};
				};
			};
			buildConfigurationList = 0949E5E9295518CF00AEA94D /* Build configuration list for PBXProject "BankAccountApp" */;
			compatibilityVersion = "Xcode 14.0";
			developmentRegion = en;
			hasScannedForEncodings = 0;
			knownRegions = (
				en,
				Base,
			);
			mainGroup = 0949E5E5295518CF00AEA94D;
			productRefGroup = 0949E5EF295518CF00AEA94D /* Products */;
			projectDirPath = "";
			projectRoot = "";
			targets = (
				0949E5ED295518CF00AEA94D /* BankAccountApp */,
				0949E603295518D200AEA94D /* BankAccountAppTests */,
				0949E60D295518D200AEA94D /* BankAccountAppUITests */,
			);
		};
/* End PBXProject section */

/* Begin PBXResourcesBuildPhase section */
		0949E5EC295518CF00AEA94D /* Resources */ = {
			isa = PBXResourcesBuildPhase;
			buildActionMask = 2147483647;
			files = (
				0949E5FE295518D100AEA94D /* LaunchScreen.storyboard in Resources */,
				0949E5FB295518D100AEA94D /* Assets.xcassets in Resources */,
				0949E5F9295518CF00AEA94D /* Main.storyboard in Resources */,
			);
			runOnlyForDeploymentPostprocessing = 0;
		};
		0949E602295518D200AEA94D /* Resources */ = {
			isa = PBXResourcesBuildPhase;
			buildActionMask = 2147483647;
			files = (
			);
			runOnlyForDeploymentPostprocessing = 0;
		};
		0949E60C295518D200AEA94D /* Resources */ = {
			isa = PBXResourcesBuildPhase;
			buildActionMask = 2147483647;
			files = (
			);
			runOnlyForDeploymentPostprocessing = 0;
		};
/* End PBXResourcesBuildPhase section */

/* Begin PBXSourcesBuildPhase section */
		0949E5EA295518CF00AEA94D /* Sources */ = {
			isa = PBXSourcesBuildPhase;
			buildActionMask = 2147483647;
			files = (
				0949E5F6295518CF00AEA94D /* BankViewController.swift in Sources */,
				0949E5F2295518CF00AEA94D /* AppDelegate.swift in Sources */,
				0949E5F4295518CF00AEA94D /* SceneDelegate.swift in Sources */,
			);
			runOnlyForDeploymentPostprocessing = 0;
		};
		0949E600295518D200AEA94D /* Sources */ = {
			isa = PBXSourcesBuildPhase;
			buildActionMask = 2147483647;
			files = (
				0949E609295518D200AEA94D /* BankAccountAppTests.swift in Sources */,
			);
			runOnlyForDeploymentPostprocessing = 0;
		};
		0949E60A295518D200AEA94D /* Sources */ = {
			isa = PBXSourcesBuildPhase;
			buildActionMask = 2147483647;
			files = (
				0949E615295518D200AEA94D /* BankAccountAppUITestsLaunchTests.swift in Sources */,
				0949E613295518D200AEA94D /* BankAccountAppUITests.swift in Sources */,
			);
			runOnlyForDeploymentPostprocessing = 0;
		};
/* End PBXSourcesBuildPhase section */

/* Begin PBXTargetDependency section */
		0949E606295518D200AEA94D /* PBXTargetDependency */ = {
			isa = PBXTargetDependency;
			target = 0949E5ED295518CF00AEA94D /* BankAccountApp */;
			targetProxy = 0949E605295518D200AEA94D /* PBXContainerItemProxy */;
		};
		0949E610295518D200AEA94D /* PBXTargetDependency */ = {
			isa = PBXTargetDependency;
			target = 0949E5ED295518CF00AEA94D /* BankAccountApp */;
			targetProxy = 0949E60F295518D200AEA94D /* PBXContainerItemProxy */;
		};
/* End PBXTargetDependency section */

/* Begin PBXVariantGroup section */
		0949E5F7295518CF00AEA94D /* Main.storyboard */ = {
			isa = PBXVariantGroup;
			children = (
				0949E5F8295518CF00AEA94D /* Base */,
			);
			name = Main.storyboard;
			sourceTree = "<group>";
		};
		0949E5FC295518D100AEA94D /* LaunchScreen.storyboard */ = {
			isa = PBXVariantGroup;
			children = (
				0949E5FD295518D100AEA94D /* Base */,
			);
			name = LaunchScreen.storyboard;
			sourceTree = "<group>";
		};
/* End PBXVariantGroup section */

/* Begin XCBuildConfiguration section */
		0949E616295518D200AEA94D /* Debug */ = {
			isa = XCBuildConfiguration;
			buildSettings = {
				ALWAYS_SEARCH_USER_PATHS = NO;
				CLANG_ANALYZER_NONNULL = YES;
				CLANG_ANALYZER_NUMBER_OBJECT_CONVERSION = YES_AGGRESSIVE;
				CLANG_CXX_LANGUAGE_STANDARD = "gnu++20";
				CLANG_ENABLE_MODULES = YES;
				CLANG_ENABLE_OBJC_ARC = YES;
				CLANG_ENABLE_OBJC_WEAK = YES;
				CLANG_WARN_BLOCK_CAPTURE_AUTORELEASING = YES;
				CLANG_WARN_BOOL_CONVERSION = YES;
				CLANG_WARN_COMMA = YES;
				CLANG_WARN_CONSTANT_CONVERSION = YES;
				CLANG_WARN_DEPRECATED_OBJC_IMPLEMENTATIONS = YES;
				CLANG_WARN_DIRECT_OBJC_ISA_USAGE = YES_ERROR;
				CLANG_WARN_DOCUMENTATION_COMMENTS = YES;
				CLANG_WARN_EMPTY_BODY = YES;
				CLANG_WARN_ENUM_CONVERSION = YES;
				CLANG_WARN_INFINITE_RECURSION = YES;
				CLANG_WARN_INT_CONVERSION = YES;
				CLANG_WARN_NON_LITERAL_NULL_CONVERSION = YES;
				CLANG_WARN_OBJC_IMPLICIT_RETAIN_SELF = YES;
				CLANG_WARN_OBJC_LITERAL_CONVERSION = YES;
				CLANG_WARN_OBJC_ROOT_CLASS = YES_ERROR;
				CLANG_WARN_QUOTED_INCLUDE_IN_FRAMEWORK_HEADER = YES;
				CLANG_WARN_RANGE_LOOP_ANALYSIS = YES;
				CLANG_WARN_STRICT_PROTOTYPES = YES;
				CLANG_WARN_SUSPICIOUS_MOVE = YES;
				CLANG_WARN_UNGUARDED_AVAILABILITY = YES_AGGRESSIVE;
				CLANG_WARN_UNREACHABLE_CODE = YES;
				CLANG_WARN__DUPLICATE_METHOD_MATCH = YES;
				COPY_PHASE_STRIP = NO;
				DEBUG_INFORMATION_FORMAT = dwarf;
				ENABLE_STRICT_OBJC_MSGSEND = YES;
				ENABLE_TESTABILITY = YES;
				GCC_C_LANGUAGE_STANDARD = gnu11;
				GCC_DYNAMIC_NO_PIC = NO;
				GCC_NO_COMMON_BLOCKS = YES;
				GCC_OPTIMIZATION_LEVEL = 0;
				GCC_PREPROCESSOR_DEFINITIONS = (
					"DEBUG=1",
					"$(inherited)",
				);
				GCC_WARN_64_TO_32_BIT_CONVERSION = YES;
				GCC_WARN_ABOUT_RETURN_TYPE = YES_ERROR;
				GCC_WARN_UNDECLARED_SELECTOR = YES;
				GCC_WARN_UNINITIALIZED_AUTOS = YES_AGGRESSIVE;
				GCC_WARN_UNUSED_FUNCTION = YES;
				GCC_WARN_UNUSED_VARIABLE = YES;
				IPHONEOS_DEPLOYMENT_TARGET = 16.2;
				MTL_ENABLE_DEBUG_INFO = INCLUDE_SOURCE;
				MTL_FAST_MATH = YES;
				ONLY_ACTIVE_ARCH = YES;
				SDKROOT = iphoneos;
				SWIFT_ACTIVE_COMPILATION_CONDITIONS = DEBUG;
				SWIFT_OPTIMIZATION_LEVEL = "-Onone";
			};
			name = Debug;
		};
		0949E617295518D200AEA94D /* Release */ = {
			isa = XCBuildConfiguration;
			buildSettings = {
				ALWAYS_SEARCH_USER_PATHS = NO;
				CLANG_ANALYZER_NONNULL = YES;
				CLANG_ANALYZER_NUMBER_OBJECT_CONVERSION = YES_AGGRESSIVE;
				CLANG_CXX_LANGUAGE_STANDARD = "gnu++20";
				CLANG_ENABLE_MODULES = YES;
				CLANG_ENABLE_OBJC_ARC = YES;
				CLANG_ENABLE_OBJC_WEAK = YES;
				CLANG_WARN_BLOCK_CAPTURE_AUTORELEASING = YES;
				CLANG_WARN_BOOL_CONVERSION = YES;
				CLANG_WARN_COMMA = YES;
				CLANG_WARN_CONSTANT_CONVERSION = YES;
				CLANG_WARN_DEPRECATED_OBJC_IMPLEMENTATIONS = YES;
				CLANG_WARN_DIRECT_OBJC_ISA_USAGE = YES_ERROR;
				CLANG_WARN_DOCUMENTATION_COMMENTS = YES;
				CLANG_WARN_EMPTY_BODY = YES;
				CLANG_WARN_ENUM_CONVERSION = YES;
				CLANG_WARN_INFINITE_RECURSION = YES;
				CLANG_WARN_INT_CONVERSION = YES;
				CLANG_WARN_NON_LITERAL_NULL_CONVERSION = YES;
				CLANG_WARN_OBJC_IMPLICIT_RETAIN_SELF = YES;
				CLANG_WARN_OBJC_LITERAL_CONVERSION = YES;
				CLANG_WARN_OBJC_ROOT_CLASS = YES_ERROR;
				CLANG_WARN_QUOTED_INCLUDE_IN_FRAMEWORK_HEADER = YES;
				CLANG_WARN_RANGE_LOOP_ANALYSIS = YES;
				CLANG_WARN_STRICT_PROTOTYPES = YES;
				CLANG_WARN_SUSPICIOUS_MOVE = YES;
				CLANG_WARN_UNGUARDED_AVAILABILITY = YES_AGGRESSIVE;
				CLANG_WARN_UNREACHABLE_CODE = YES;
				CLANG_WARN__DUPLICATE_METHOD_MATCH = YES;
				COPY_PHASE_STRIP = NO;
				DEBUG_INFORMATION_FORMAT = "dwarf-with-dsym";
				ENABLE_NS_ASSERTIONS = NO;
				ENABLE_STRICT_OBJC_MSGSEND = YES;
				GCC_C_LANGUAGE_STANDARD = gnu11;
				GCC_NO_COMMON_BLOCKS = YES;
				GCC_WARN_64_TO_32_BIT_CONVERSION = YES;
				GCC_WARN_ABOUT_RETURN_TYPE = YES_ERROR;
				GCC_WARN_UNDECLARED_SELECTOR = YES;
				GCC_WARN_UNINITIALIZED_AUTOS = YES_AGGRESSIVE;
				GCC_WARN_UNUSED_FUNCTION = YES;
				GCC_WARN_UNUSED_VARIABLE = YES;
				IPHONEOS_DEPLOYMENT_TARGET = 16.2;
				MTL_ENABLE_DEBUG_INFO = NO;
				MTL_FAST_MATH = YES;
				SDKROOT = iphoneos;
				SWIFT_COMPILATION_MODE = wholemodule;
				SWIFT_OPTIMIZATION_LEVEL = "-O";
				VALIDATE_PRODUCT = YES;
			};
			name = Release;
		};
		0949E619295518D200AEA94D /* Debug */ = {
			isa = XCBuildConfiguration;
			buildSettings = {
				ASSETCATALOG_COMPILER_APPICON_NAME = AppIcon;
				ASSETCATALOG_COMPILER_GLOBAL_ACCENT_COLOR_NAME = AccentColor;
				CODE_SIGN_STYLE = Automatic;
				CURRENT_PROJECT_VERSION = 1;
				DEVELOPMENT_TEAM = 93TAG27MAJ;
				GENERATE_INFOPLIST_FILE = YES;
				INFOPLIST_FILE = BankAccountApp/Info.plist;
				INFOPLIST_KEY_UIApplicationSupportsIndirectInputEvents = YES;
				INFOPLIST_KEY_UILaunchStoryboardName = LaunchScreen;
				INFOPLIST_KEY_UIMainStoryboardFile = Main;
				INFOPLIST_KEY_UISupportedInterfaceOrientations_iPad = "UIInterfaceOrientationPortrait UIInterfaceOrientationPortraitUpsideDown UIInterfaceOrientationLandscapeLeft UIInterfaceOrientationLandscapeRight";
				INFOPLIST_KEY_UISupportedInterfaceOrientations_iPhone = "UIInterfaceOrientationPortrait UIInterfaceOrientationLandscapeLeft UIInterfaceOrientationLandscapeRight";
				LD_RUNPATH_SEARCH_PATHS = (
					"$(inherited)",
					"@executable_path/Frameworks",
				);
				MARKETING_VERSION = 1.0;
				PRODUCT_BUNDLE_IDENTIFIER = com.iOS.PragmaticProgramming.BankAccountApp;
				PRODUCT_NAME = "$(TARGET_NAME)";
				SWIFT_EMIT_LOC_STRINGS = YES;
				SWIFT_VERSION = 5.0;
				TARGETED_DEVICE_FAMILY = "1,2";
			};
			name = Debug;
		};
		0949E61A295518D200AEA94D /* Release */ = {
			isa = XCBuildConfiguration;
			buildSettings = {
				ASSETCATALOG_COMPILER_APPICON_NAME = AppIcon;
				ASSETCATALOG_COMPILER_GLOBAL_ACCENT_COLOR_NAME = AccentColor;
				CODE_SIGN_STYLE = Automatic;
				CURRENT_PROJECT_VERSION = 1;
				DEVELOPMENT_TEAM = 93TAG27MAJ;
				GENERATE_INFOPLIST_FILE = YES;
				INFOPLIST_FILE = BankAccountApp/Info.plist;
				INFOPLIST_KEY_UIApplicationSupportsIndirectInputEvents = YES;
				INFOPLIST_KEY_UILaunchStoryboardName = LaunchScreen;
				INFOPLIST_KEY_UIMainStoryboardFile = Main;
				INFOPLIST_KEY_UISupportedInterfaceOrientations_iPad = "UIInterfaceOrientationPortrait UIInterfaceOrientationPortraitUpsideDown UIInterfaceOrientationLandscapeLeft UIInterfaceOrientationLandscapeRight";
				INFOPLIST_KEY_UISupportedInterfaceOrientations_iPhone = "UIInterfaceOrientationPortrait UIInterfaceOrientationLandscapeLeft UIInterfaceOrientationLandscapeRight";
				LD_RUNPATH_SEARCH_PATHS = (
					"$(inherited)",
					"@executable_path/Frameworks",
				);
				MARKETING_VERSION = 1.0;
				PRODUCT_BUNDLE_IDENTIFIER = com.iOS.PragmaticProgramming.BankAccountApp;
				PRODUCT_NAME = "$(TARGET_NAME)";
				SWIFT_EMIT_LOC_STRINGS = YES;
				SWIFT_VERSION = 5.0;
				TARGETED_DEVICE_FAMILY = "1,2";
			};
			name = Release;
		};
		0949E61C295518D200AEA94D /* Debug */ = {
			isa = XCBuildConfiguration;
			buildSettings = {
				ALWAYS_EMBED_SWIFT_STANDARD_LIBRARIES = YES;
				BUNDLE_LOADER = "$(TEST_HOST)";
				CODE_SIGN_STYLE = Automatic;
				CURRENT_PROJECT_VERSION = 1;
				DEVELOPMENT_TEAM = 93TAG27MAJ;
				GENERATE_INFOPLIST_FILE = YES;
				IPHONEOS_DEPLOYMENT_TARGET = 16.2;
				MARKETING_VERSION = 1.0;
				PRODUCT_BUNDLE_IDENTIFIER = com.iOS.PragmaticProgramming.BankAccountAppTests;
				PRODUCT_NAME = "$(TARGET_NAME)";
				SWIFT_EMIT_LOC_STRINGS = NO;
				SWIFT_VERSION = 5.0;
				TARGETED_DEVICE_FAMILY = "1,2";
				TEST_HOST = "$(BUILT_PRODUCTS_DIR)/BankAccountApp.app/$(BUNDLE_EXECUTABLE_FOLDER_PATH)/BankAccountApp";
			};
			name = Debug;
		};
		0949E61D295518D200AEA94D /* Release */ = {
			isa = XCBuildConfiguration;
			buildSettings = {
				ALWAYS_EMBED_SWIFT_STANDARD_LIBRARIES = YES;
				BUNDLE_LOADER = "$(TEST_HOST)";
				CODE_SIGN_STYLE = Automatic;
				CURRENT_PROJECT_VERSION = 1;
				DEVELOPMENT_TEAM = 93TAG27MAJ;
				GENERATE_INFOPLIST_FILE = YES;
				IPHONEOS_DEPLOYMENT_TARGET = 16.2;
				MARKETING_VERSION = 1.0;
				PRODUCT_BUNDLE_IDENTIFIER = com.iOS.PragmaticProgramming.BankAccountAppTests;
				PRODUCT_NAME = "$(TARGET_NAME)";
				SWIFT_EMIT_LOC_STRINGS = NO;
				SWIFT_VERSION = 5.0;
				TARGETED_DEVICE_FAMILY = "1,2";
				TEST_HOST = "$(BUILT_PRODUCTS_DIR)/BankAccountApp.app/$(BUNDLE_EXECUTABLE_FOLDER_PATH)/BankAccountApp";
			};
			name = Release;
		};
		0949E61F295518D200AEA94D /* Debug */ = {
			isa = XCBuildConfiguration;
			buildSettings = {
				ALWAYS_EMBED_SWIFT_STANDARD_LIBRARIES = YES;
				CODE_SIGN_STYLE = Automatic;
				CURRENT_PROJECT_VERSION = 1;
				DEVELOPMENT_TEAM = 93TAG27MAJ;
				GENERATE_INFOPLIST_FILE = YES;
				MARKETING_VERSION = 1.0;
				PRODUCT_BUNDLE_IDENTIFIER = com.iOS.PragmaticProgramming.BankAccountAppUITests;
				PRODUCT_NAME = "$(TARGET_NAME)";
				SWIFT_EMIT_LOC_STRINGS = NO;
				SWIFT_VERSION = 5.0;
				TARGETED_DEVICE_FAMILY = "1,2";
				TEST_TARGET_NAME = BankAccountApp;
			};
			name = Debug;
		};
		0949E620295518D200AEA94D /* Release */ = {
			isa = XCBuildConfiguration;
			buildSettings = {
				ALWAYS_EMBED_SWIFT_STANDARD_LIBRARIES = YES;
				CODE_SIGN_STYLE = Automatic;
				CURRENT_PROJECT_VERSION = 1;
				DEVELOPMENT_TEAM = 93TAG27MAJ;
				GENERATE_INFOPLIST_FILE = YES;
				MARKETING_VERSION = 1.0;
				PRODUCT_BUNDLE_IDENTIFIER = com.iOS.PragmaticProgramming.BankAccountAppUITests;
				PRODUCT_NAME = "$(TARGET_NAME)";
				SWIFT_EMIT_LOC_STRINGS = NO;
				SWIFT_VERSION = 5.0;
				TARGETED_DEVICE_FAMILY = "1,2";
				TEST_TARGET_NAME = BankAccountApp;
			};
			name = Release;
		};
/* End XCBuildConfiguration section */

/* Begin XCConfigurationList section */
		0949E5E9295518CF00AEA94D /* Build configuration list for PBXProject "BankAccountApp" */ = {
			isa = XCConfigurationList;
			buildConfigurations = (
				0949E616295518D200AEA94D /* Debug */,
				0949E617295518D200AEA94D /* Release */,
			);
			defaultConfigurationIsVisible = 0;
			defaultConfigurationName = Release;
		};
		0949E618295518D200AEA94D /* Build configuration list for PBXNativeTarget "BankAccountApp" */ = {
			isa = XCConfigurationList;
			buildConfigurations = (
				0949E619295518D200AEA94D /* Debug */,
				0949E61A295518D200AEA94D /* Release */,
			);
			defaultConfigurationIsVisible = 0;
			defaultConfigurationName = Release;
		};
		0949E61B295518D200AEA94D /* Build configuration list for PBXNativeTarget "BankAccountAppTests" */ = {
			isa = XCConfigurationList;
			buildConfigurations = (
				0949E61C295518D200AEA94D /* Debug */,
				0949E61D295518D200AEA94D /* Release */,
			);
			defaultConfigurationIsVisible = 0;
			defaultConfigurationName = Release;
		};
		0949E61E295518D200AEA94D /* Build configuration list for PBXNativeTarget "BankAccountAppUITests" */ = {
			isa = XCConfigurationList;
			buildConfigurations = (
				0949E61F295518D200AEA94D /* Debug */,
				0949E620295518D200AEA94D /* Release */,
			);
			defaultConfigurationIsVisible = 0;
			defaultConfigurationName = Release;
		};
/* End XCConfigurationList section */
	};
	rootObject = 0949E5E6295518CF00AEA94D /* Project object */;
}
